
Microsoft Visual Studio Solution File, Format Version 12.00
# Visual Studio Version 16
VisualStudioVersion = 16.0.30517.126
MinimumVisualStudioVersion = 10.0.40219.1
Project("{8BC9CEB8-8B4A-11D0-8D11-00A0C91BC942}") = "SRLOADER", "SRLOADER.vcxproj", "{0BEA7731-D317-4BA2-8EE8-012BAF676DED}"
EndProject
Global
	GlobalSection(SolutionConfigurationPlatforms) = preSolution
		Debug|x64 = Debug|x64
		Debug|x86 = Debug|x86
		Release|x64 = Release|x64
		Release|x86 = Release|x86
	EndGlobalSection
	GlobalSection(ProjectConfigurationPlatforms) = postSolution
		{0BEA7731-D317-4BA2-8EE8-012BAF676DED}.Debug|x64.ActiveCfg = Debug|x64
		{0BEA7731-D317-4BA2-8EE8-012BAF676DED}.Debug|x64.Build.0 = Debug|x64
		{0BEA7731-D317-4BA2-8EE8-012BAF676DED}.Debug|x86.ActiveCfg = Debug|Win32
		{0BEA7731-D317-4BA2-8EE8-012BAF676DED}.Debug|x86.Build.0 = Debug|Win32
		{0BEA7731-D317-4BA2-8EE8-012BAF676DED}.Release|x64.ActiveCfg = Release|x64
		{0BEA7731-D317-4BA2-8EE8-012BAF676DED}.Release|x64.Build.0 = Release|x64
		{0BEA7731-D317-4BA2-8EE8-012BAF676DED}.Release|x86.ActiveCfg = Release|Win32
		{0BEA7731-D317-4BA2-8EE8-012BAF676DED}.Release|x86.Build.0 = Release|Win32
	EndGlobalSection
	GlobalSection(SolutionProperties) = preSolution
		HideSolutionNode = FALSE
	EndGlobalSection
	GlobalSection(ExtensibilityGlobals) = postSolution
		SolutionGuid = {0D45FC7A-9F91-4352-8C35-37AB5DB30EE0}
	EndGlobalSection
EndGlobal
